// !$*UTF8*$!
{
	archiveVersion = 1;
	classes = {
	};
	objectVersion = 46;
	objects = {

/* Begin PBXBuildFile section */
		4B13A7201E99CDFE0025A120 /* SnippetData.xcdatamodeld in Sources */ = {isa = PBXBuildFile; fileRef = 4B13A71E1E99CDFE0025A120 /* SnippetData.xcdatamodeld */; };
		4B17FF1B1E816C2200C9E666 /* SnippetData.swift in Sources */ = {isa = PBXBuildFile; fileRef = 4B17FF1A1E816C2200C9E666 /* SnippetData.swift */; };
		4B19CDA41E9E074A00589042 /* Interface.storyboard in Resources */ = {isa = PBXBuildFile; fileRef = 4B19CDA21E9E074A00589042 /* Interface.storyboard */; };
		4B19CDA61E9E074A00589042 /* Assets.xcassets in Resources */ = {isa = PBXBuildFile; fileRef = 4B19CDA51E9E074A00589042 /* Assets.xcassets */; };
		4B19CDAD1E9E074A00589042 /* Snippet Watch Extension.appex in Embed App Extensions */ = {isa = PBXBuildFile; fileRef = 4B19CDAC1E9E074A00589042 /* Snippet Watch Extension.appex */; settings = {ATTRIBUTES = (RemoveHeadersOnCopy, ); }; };
		4B19CDB21E9E074A00589042 /* InterfaceController.swift in Sources */ = {isa = PBXBuildFile; fileRef = 4B19CDB11E9E074A00589042 /* InterfaceController.swift */; };
		4B19CDB41E9E074A00589042 /* ExtensionDelegate.swift in Sources */ = {isa = PBXBuildFile; fileRef = 4B19CDB31E9E074A00589042 /* ExtensionDelegate.swift */; };
		4B19CDB61E9E074A00589042 /* ComplicationController.swift in Sources */ = {isa = PBXBuildFile; fileRef = 4B19CDB51E9E074A00589042 /* ComplicationController.swift */; };
		4B19CDB81E9E074A00589042 /* Assets.xcassets in Resources */ = {isa = PBXBuildFile; fileRef = 4B19CDB71E9E074A00589042 /* Assets.xcassets */; };
		4B19CDBC1E9E074A00589042 /* Snippet Watch.app in Embed Watch Content */ = {isa = PBXBuildFile; fileRef = 4B19CDA01E9E074A00589042 /* Snippet Watch.app */; };
		4B19CDC61E9E0DD900589042 /* ConfirmationInterfaceController.swift in Sources */ = {isa = PBXBuildFile; fileRef = 4B19CDC51E9E0DD900589042 /* ConfirmationInterfaceController.swift */; };
		4B24B7661E91ECC000E11666 /* Social.framework in Frameworks */ = {isa = PBXBuildFile; fileRef = 4B24B7651E91ECC000E11666 /* Social.framework */; };
		4B26AEB81E849BBD00561821 /* TextSnippetCell.swift in Sources */ = {isa = PBXBuildFile; fileRef = 4B26AEB71E849BBD00561821 /* TextSnippetCell.swift */; };
		4B26AEBA1E849C1600561821 /* PhotoSnippetCell.swift in Sources */ = {isa = PBXBuildFile; fileRef = 4B26AEB91E849C1600561821 /* PhotoSnippetCell.swift */; };
		4B26AEC21E84CEA200561821 /* SnippetsTests.swift in Sources */ = {isa = PBXBuildFile; fileRef = 4B26AEC11E84CEA200561821 /* SnippetsTests.swift */; };
		4B7333791E816B1700D7D941 /* AppDelegate.swift in Sources */ = {isa = PBXBuildFile; fileRef = 4B7333781E816B1700D7D941 /* AppDelegate.swift */; };
		4B73337B1E816B1700D7D941 /* ViewController.swift in Sources */ = {isa = PBXBuildFile; fileRef = 4B73337A1E816B1700D7D941 /* ViewController.swift */; };
		4B73337E1E816B1700D7D941 /* Main.storyboard in Resources */ = {isa = PBXBuildFile; fileRef = 4B73337C1E816B1700D7D941 /* Main.storyboard */; };
		4B7333801E816B1700D7D941 /* Assets.xcassets in Resources */ = {isa = PBXBuildFile; fileRef = 4B73337F1E816B1700D7D941 /* Assets.xcassets */; };
		4B7333831E816B1700D7D941 /* LaunchScreen.storyboard in Resources */ = {isa = PBXBuildFile; fileRef = 4B7333811E816B1700D7D941 /* LaunchScreen.storyboard */; };
		4BA38FB81E82A4330092DDB5 /* TextSnippetEntryViewController.swift in Sources */ = {isa = PBXBuildFile; fileRef = 4BA38FB71E82A4330092DDB5 /* TextSnippetEntryViewController.swift */; };
		4BDDE1E41E8170EC0080CD67 /* SnippetType.swift in Sources */ = {isa = PBXBuildFile; fileRef = 4BDDE1E31E8170EC0080CD67 /* SnippetType.swift */; };
/* End PBXBuildFile section */

/* Begin PBXContainerItemProxy section */
		4B19CDAE1E9E074A00589042 /* PBXContainerItemProxy */ = {
			isa = PBXContainerItemProxy;
			containerPortal = 4B73336D1E816B1700D7D941 /* Project object */;
			proxyType = 1;
			remoteGlobalIDString = 4B19CDAB1E9E074A00589042;
			remoteInfo = "Snippet Watch Extension";
		};
		4B19CDBA1E9E074A00589042 /* PBXContainerItemProxy */ = {
			isa = PBXContainerItemProxy;
			containerPortal = 4B73336D1E816B1700D7D941 /* Project object */;
			proxyType = 1;
			remoteGlobalIDString = 4B19CD9F1E9E074A00589042;
			remoteInfo = "Snippet Watch";
		};
		4B26AEC41E84CEA200561821 /* PBXContainerItemProxy */ = {
			isa = PBXContainerItemProxy;
			containerPortal = 4B73336D1E816B1700D7D941 /* Project object */;
			proxyType = 1;
			remoteGlobalIDString = 4B7333741E816B1700D7D941;
			remoteInfo = Snippets;
		};
/* End PBXContainerItemProxy section */

/* Begin PBXCopyFilesBuildPhase section */
		4B19CDC21E9E074A00589042 /* Embed App Extensions */ = {
			isa = PBXCopyFilesBuildPhase;
			buildActionMask = 2147483647;
			dstPath = "";
			dstSubfolderSpec = 13;
			files = (
				4B19CDAD1E9E074A00589042 /* Snippet Watch Extension.appex in Embed App Extensions */,
			);
			name = "Embed App Extensions";
			runOnlyForDeploymentPostprocessing = 0;
		};
		4B19CDC41E9E074A00589042 /* Embed Watch Content */ = {
			isa = PBXCopyFilesBuildPhase;
			buildActionMask = 2147483647;
			dstPath = "$(CONTENTS_FOLDER_PATH)/Watch";
			dstSubfolderSpec = 16;
			files = (
				4B19CDBC1E9E074A00589042 /* Snippet Watch.app in Embed Watch Content */,
			);
			name = "Embed Watch Content";
			runOnlyForDeploymentPostprocessing = 0;
		};
/* End PBXCopyFilesBuildPhase section */

/* Begin PBXFileReference section */
		4B13A71F1E99CDFE0025A120 /* SnippetData.xcdatamodel */ = {isa = PBXFileReference; lastKnownFileType = wrapper.xcdatamodel; path = SnippetData.xcdatamodel; sourceTree = "<group>"; };
		4B17FF1A1E816C2200C9E666 /* SnippetData.swift */ = {isa = PBXFileReference; fileEncoding = 4; lastKnownFileType = sourcecode.swift; path = SnippetData.swift; sourceTree = "<group>"; };
		4B19CDA01E9E074A00589042 /* Snippet Watch.app */ = {isa = PBXFileReference; explicitFileType = wrapper.application; includeInIndex = 0; path = "Snippet Watch.app"; sourceTree = BUILT_PRODUCTS_DIR; };
		4B19CDA31E9E074A00589042 /* Base */ = {isa = PBXFileReference; lastKnownFileType = file.storyboard; name = Base; path = Base.lproj/Interface.storyboard; sourceTree = "<group>"; };
		4B19CDA51E9E074A00589042 /* Assets.xcassets */ = {isa = PBXFileReference; lastKnownFileType = folder.assetcatalog; path = Assets.xcassets; sourceTree = "<group>"; };
		4B19CDA71E9E074A00589042 /* Info.plist */ = {isa = PBXFileReference; lastKnownFileType = text.plist.xml; path = Info.plist; sourceTree = "<group>"; };
		4B19CDAC1E9E074A00589042 /* Snippet Watch Extension.appex */ = {isa = PBXFileReference; explicitFileType = "wrapper.app-extension"; includeInIndex = 0; path = "Snippet Watch Extension.appex"; sourceTree = BUILT_PRODUCTS_DIR; };
		4B19CDB11E9E074A00589042 /* InterfaceController.swift */ = {isa = PBXFileReference; lastKnownFileType = sourcecode.swift; path = InterfaceController.swift; sourceTree = "<group>"; };
		4B19CDB31E9E074A00589042 /* ExtensionDelegate.swift */ = {isa = PBXFileReference; lastKnownFileType = sourcecode.swift; path = ExtensionDelegate.swift; sourceTree = "<group>"; };
		4B19CDB51E9E074A00589042 /* ComplicationController.swift */ = {isa = PBXFileReference; lastKnownFileType = sourcecode.swift; path = ComplicationController.swift; sourceTree = "<group>"; };
		4B19CDB71E9E074A00589042 /* Assets.xcassets */ = {isa = PBXFileReference; lastKnownFileType = folder.assetcatalog; path = Assets.xcassets; sourceTree = "<group>"; };
		4B19CDB91E9E074A00589042 /* Info.plist */ = {isa = PBXFileReference; lastKnownFileType = text.plist.xml; path = Info.plist; sourceTree = "<group>"; };
		4B19CDC51E9E0DD900589042 /* ConfirmationInterfaceController.swift */ = {isa = PBXFileReference; fileEncoding = 4; lastKnownFileType = sourcecode.swift; path = ConfirmationInterfaceController.swift; sourceTree = "<group>"; };
		4B24B7651E91ECC000E11666 /* Social.framework */ = {isa = PBXFileReference; lastKnownFileType = wrapper.framework; name = Social.framework; path = System/Library/Frameworks/Social.framework; sourceTree = SDKROOT; };
		4B26AEB71E849BBD00561821 /* TextSnippetCell.swift */ = {isa = PBXFileReference; fileEncoding = 4; lastKnownFileType = sourcecode.swift; path = TextSnippetCell.swift; sourceTree = "<group>"; };
		4B26AEB91E849C1600561821 /* PhotoSnippetCell.swift */ = {isa = PBXFileReference; fileEncoding = 4; lastKnownFileType = sourcecode.swift; path = PhotoSnippetCell.swift; sourceTree = "<group>"; };
		4B26AEBF1E84CEA100561821 /* SnippetsTests.xctest */ = {isa = PBXFileReference; explicitFileType = wrapper.cfbundle; includeInIndex = 0; path = SnippetsTests.xctest; sourceTree = BUILT_PRODUCTS_DIR; };
		4B26AEC11E84CEA200561821 /* SnippetsTests.swift */ = {isa = PBXFileReference; lastKnownFileType = sourcecode.swift; path = SnippetsTests.swift; sourceTree = "<group>"; };
		4B26AEC31E84CEA200561821 /* Info.plist */ = {isa = PBXFileReference; lastKnownFileType = text.plist.xml; path = Info.plist; sourceTree = "<group>"; };
		4B7333751E816B1700D7D941 /* Snippets.app */ = {isa = PBXFileReference; explicitFileType = wrapper.application; includeInIndex = 0; path = Snippets.app; sourceTree = BUILT_PRODUCTS_DIR; };
		4B7333781E816B1700D7D941 /* AppDelegate.swift */ = {isa = PBXFileReference; lastKnownFileType = sourcecode.swift; path = AppDelegate.swift; sourceTree = "<group>"; };
		4B73337A1E816B1700D7D941 /* ViewController.swift */ = {isa = PBXFileReference; lastKnownFileType = sourcecode.swift; path = ViewController.swift; sourceTree = "<group>"; };
		4B73337D1E816B1700D7D941 /* Base */ = {isa = PBXFileReference; lastKnownFileType = file.storyboard; name = Base; path = Base.lproj/Main.storyboard; sourceTree = "<group>"; };
		4B73337F1E816B1700D7D941 /* Assets.xcassets */ = {isa = PBXFileReference; lastKnownFileType = folder.assetcatalog; path = Assets.xcassets; sourceTree = "<group>"; };
		4B7333821E816B1700D7D941 /* Base */ = {isa = PBXFileReference; lastKnownFileType = file.storyboard; name = Base; path = Base.lproj/LaunchScreen.storyboard; sourceTree = "<group>"; };
		4B7333841E816B1700D7D941 /* Info.plist */ = {isa = PBXFileReference; lastKnownFileType = text.plist.xml; path = Info.plist; sourceTree = "<group>"; };
		4BA38FB71E82A4330092DDB5 /* TextSnippetEntryViewController.swift */ = {isa = PBXFileReference; fileEncoding = 4; lastKnownFileType = sourcecode.swift; path = TextSnippetEntryViewController.swift; sourceTree = "<group>"; };
		4BDDE1E31E8170EC0080CD67 /* SnippetType.swift */ = {isa = PBXFileReference; fileEncoding = 4; lastKnownFileType = sourcecode.swift; path = SnippetType.swift; sourceTree = "<group>"; };
/* End PBXFileReference section */

/* Begin PBXFrameworksBuildPhase section */
		4B19CDA91E9E074A00589042 /* Frameworks */ = {
			isa = PBXFrameworksBuildPhase;
			buildActionMask = 2147483647;
			files = (
			);
			runOnlyForDeploymentPostprocessing = 0;
		};
		4B26AEBC1E84CEA100561821 /* Frameworks */ = {
			isa = PBXFrameworksBuildPhase;
			buildActionMask = 2147483647;
			files = (
			);
			runOnlyForDeploymentPostprocessing = 0;
		};
		4B7333721E816B1700D7D941 /* Frameworks */ = {
			isa = PBXFrameworksBuildPhase;
			buildActionMask = 2147483647;
			files = (
				4B24B7661E91ECC000E11666 /* Social.framework in Frameworks */,
			);
			runOnlyForDeploymentPostprocessing = 0;
		};
/* End PBXFrameworksBuildPhase section */

/* Begin PBXGroup section */
		4B19CDA11E9E074A00589042 /* Snippet Watch */ = {
			isa = PBXGroup;
			children = (
				4B19CDA21E9E074A00589042 /* Interface.storyboard */,
				4B19CDA51E9E074A00589042 /* Assets.xcassets */,
				4B19CDA71E9E074A00589042 /* Info.plist */,
			);
			path = "Snippet Watch";
			sourceTree = "<group>";
		};
		4B19CDB01E9E074A00589042 /* Snippet Watch Extension */ = {
			isa = PBXGroup;
			children = (
				4B19CDB11E9E074A00589042 /* InterfaceController.swift */,
				4B19CDB31E9E074A00589042 /* ExtensionDelegate.swift */,
				4B19CDB51E9E074A00589042 /* ComplicationController.swift */,
				4B19CDB71E9E074A00589042 /* Assets.xcassets */,
				4B19CDB91E9E074A00589042 /* Info.plist */,
				4B19CDC51E9E0DD900589042 /* ConfirmationInterfaceController.swift */,
			);
			path = "Snippet Watch Extension";
			sourceTree = "<group>";
		};
		4B24B7641E91ECBF00E11666 /* Frameworks */ = {
			isa = PBXGroup;
			children = (
				4B24B7651E91ECC000E11666 /* Social.framework */,
			);
			name = Frameworks;
			sourceTree = "<group>";
		};
		4B26AEC01E84CEA200561821 /* SnippetsTests */ = {
			isa = PBXGroup;
			children = (
				4B26AEC11E84CEA200561821 /* SnippetsTests.swift */,
				4B26AEC31E84CEA200561821 /* Info.plist */,
			);
			path = SnippetsTests;
			sourceTree = "<group>";
		};
		4B73336C1E816B1700D7D941 = {
			isa = PBXGroup;
			children = (
				4B7333771E816B1700D7D941 /* Snippets */,
				4B26AEC01E84CEA200561821 /* SnippetsTests */,
				4B19CDA11E9E074A00589042 /* Snippet Watch */,
				4B19CDB01E9E074A00589042 /* Snippet Watch Extension */,
				4B7333761E816B1700D7D941 /* Products */,
				4B24B7641E91ECBF00E11666 /* Frameworks */,
			);
			sourceTree = "<group>";
		};
		4B7333761E816B1700D7D941 /* Products */ = {
			isa = PBXGroup;
			children = (
				4B7333751E816B1700D7D941 /* Snippets.app */,
				4B26AEBF1E84CEA100561821 /* SnippetsTests.xctest */,
				4B19CDA01E9E074A00589042 /* Snippet Watch.app */,
				4B19CDAC1E9E074A00589042 /* Snippet Watch Extension.appex */,
			);
			name = Products;
			sourceTree = "<group>";
		};
		4B7333771E816B1700D7D941 /* Snippets */ = {
			isa = PBXGroup;
			children = (
				4B17FF1A1E816C2200C9E666 /* SnippetData.swift */,
				4B7333781E816B1700D7D941 /* AppDelegate.swift */,
				4B73337A1E816B1700D7D941 /* ViewController.swift */,
				4B73337C1E816B1700D7D941 /* Main.storyboard */,
				4B13A71E1E99CDFE0025A120 /* SnippetData.xcdatamodeld */,
				4B73337F1E816B1700D7D941 /* Assets.xcassets */,
				4B7333811E816B1700D7D941 /* LaunchScreen.storyboard */,
				4B7333841E816B1700D7D941 /* Info.plist */,
				4BDDE1E31E8170EC0080CD67 /* SnippetType.swift */,
				4BA38FB71E82A4330092DDB5 /* TextSnippetEntryViewController.swift */,
				4B26AEB71E849BBD00561821 /* TextSnippetCell.swift */,
				4B26AEB91E849C1600561821 /* PhotoSnippetCell.swift */,
			);
			path = Snippets;
			sourceTree = "<group>";
		};
/* End PBXGroup section */

/* Begin PBXNativeTarget section */
		4B19CD9F1E9E074A00589042 /* Snippet Watch */ = {
			isa = PBXNativeTarget;
			buildConfigurationList = 4B19CDC31E9E074A00589042 /* Build configuration list for PBXNativeTarget "Snippet Watch" */;
			buildPhases = (
				4B19CD9E1E9E074A00589042 /* Resources */,
				4B19CDC21E9E074A00589042 /* Embed App Extensions */,
			);
			buildRules = (
			);
			dependencies = (
				4B19CDAF1E9E074A00589042 /* PBXTargetDependency */,
			);
			name = "Snippet Watch";
			productName = "Snippet Watch";
			productReference = 4B19CDA01E9E074A00589042 /* Snippet Watch.app */;
			productType = "com.apple.product-type.application.watchapp2";
		};
		4B19CDAB1E9E074A00589042 /* Snippet Watch Extension */ = {
			isa = PBXNativeTarget;
			buildConfigurationList = 4B19CDC11E9E074A00589042 /* Build configuration list for PBXNativeTarget "Snippet Watch Extension" */;
			buildPhases = (
				4B19CDA81E9E074A00589042 /* Sources */,
				4B19CDA91E9E074A00589042 /* Frameworks */,
				4B19CDAA1E9E074A00589042 /* Resources */,
			);
			buildRules = (
			);
			dependencies = (
			);
			name = "Snippet Watch Extension";
			productName = "Snippet Watch Extension";
			productReference = 4B19CDAC1E9E074A00589042 /* Snippet Watch Extension.appex */;
			productType = "com.apple.product-type.watchkit2-extension";
		};
		4B26AEBE1E84CEA100561821 /* SnippetsTests */ = {
			isa = PBXNativeTarget;
			buildConfigurationList = 4B26AEC61E84CEA200561821 /* Build configuration list for PBXNativeTarget "SnippetsTests" */;
			buildPhases = (
				4B26AEBB1E84CEA100561821 /* Sources */,
				4B26AEBC1E84CEA100561821 /* Frameworks */,
				4B26AEBD1E84CEA100561821 /* Resources */,
			);
			buildRules = (
			);
			dependencies = (
				4B26AEC51E84CEA200561821 /* PBXTargetDependency */,
			);
			name = SnippetsTests;
			productName = SnippetsTests;
			productReference = 4B26AEBF1E84CEA100561821 /* SnippetsTests.xctest */;
			productType = "com.apple.product-type.bundle.unit-test";
		};
		4B7333741E816B1700D7D941 /* Snippets */ = {
			isa = PBXNativeTarget;
			buildConfigurationList = 4B7333871E816B1700D7D941 /* Build configuration list for PBXNativeTarget "Snippets" */;
			buildPhases = (
				4B7333711E816B1700D7D941 /* Sources */,
				4B7333721E816B1700D7D941 /* Frameworks */,
				4B7333731E816B1700D7D941 /* Resources */,
				4B19CDC41E9E074A00589042 /* Embed Watch Content */,
			);
			buildRules = (
			);
			dependencies = (
				4B19CDBB1E9E074A00589042 /* PBXTargetDependency */,
			);
			name = Snippets;
			productName = Snippets;
			productReference = 4B7333751E816B1700D7D941 /* Snippets.app */;
			productType = "com.apple.product-type.application";
		};
/* End PBXNativeTarget section */

/* Begin PBXProject section */
		4B73336D1E816B1700D7D941 /* Project object */ = {
			isa = PBXProject;
			attributes = {
				LastSwiftUpdateCheck = 0830;
				LastUpgradeCheck = 0820;
				ORGANIZATIONNAME = "Yin Xiaoyu";
				TargetAttributes = {
					4B19CD9F1E9E074A00589042 = {
						CreatedOnToolsVersion = 8.3.1;
						DevelopmentTeam = 72Q6E7W24X;
						ProvisioningStyle = Automatic;
					};
					4B19CDAB1E9E074A00589042 = {
						CreatedOnToolsVersion = 8.3.1;
						DevelopmentTeam = 72Q6E7W24X;
						ProvisioningStyle = Automatic;
					};
					4B26AEBE1E84CEA100561821 = {
						CreatedOnToolsVersion = 8.2.1;
						DevelopmentTeam = 72Q6E7W24X;
						ProvisioningStyle = Automatic;
						TestTargetID = 4B7333741E816B1700D7D941;
					};
					4B7333741E816B1700D7D941 = {
						CreatedOnToolsVersion = 8.2.1;
						DevelopmentTeam = 72Q6E7W24X;
						ProvisioningStyle = Automatic;
					};
				};
			};
			buildConfigurationList = 4B7333701E816B1700D7D941 /* Build configuration list for PBXProject "Snippets" */;
			compatibilityVersion = "Xcode 3.2";
			developmentRegion = English;
			hasScannedForEncodings = 0;
			knownRegions = (
				en,
				Base,
			);
			mainGroup = 4B73336C1E816B1700D7D941;
			productRefGroup = 4B7333761E816B1700D7D941 /* Products */;
			projectDirPath = "";
			projectRoot = "";
			targets = (
				4B7333741E816B1700D7D941 /* Snippets */,
				4B26AEBE1E84CEA100561821 /* SnippetsTests */,
				4B19CD9F1E9E074A00589042 /* Snippet Watch */,
				4B19CDAB1E9E074A00589042 /* Snippet Watch Extension */,
			);
		};
/* End PBXProject section */

/* Begin PBXResourcesBuildPhase section */
		4B19CD9E1E9E074A00589042 /* Resources */ = {
			isa = PBXResourcesBuildPhase;
			buildActionMask = 2147483647;
			files = (
				4B19CDA61E9E074A00589042 /* Assets.xcassets in Resources */,
				4B19CDA41E9E074A00589042 /* Interface.storyboard in Resources */,
			);
			runOnlyForDeploymentPostprocessing = 0;
		};
		4B19CDAA1E9E074A00589042 /* Resources */ = {
			isa = PBXResourcesBuildPhase;
			buildActionMask = 2147483647;
			files = (
				4B19CDB81E9E074A00589042 /* Assets.xcassets in Resources */,
			);
			runOnlyForDeploymentPostprocessing = 0;
		};
		4B26AEBD1E84CEA100561821 /* Resources */ = {
			isa = PBXResourcesBuildPhase;
			buildActionMask = 2147483647;
			files = (
			);
			runOnlyForDeploymentPostprocessing = 0;
		};
		4B7333731E816B1700D7D941 /* Resources */ = {
			isa = PBXResourcesBuildPhase;
			buildActionMask = 2147483647;
			files = (
				4B7333831E816B1700D7D941 /* LaunchScreen.storyboard in Resources */,
				4B7333801E816B1700D7D941 /* Assets.xcassets in Resources */,
				4B73337E1E816B1700D7D941 /* Main.storyboard in Resources */,
			);
			runOnlyForDeploymentPostprocessing = 0;
		};
/* End PBXResourcesBuildPhase section */

/* Begin PBXSourcesBuildPhase section */
		4B19CDA81E9E074A00589042 /* Sources */ = {
			isa = PBXSourcesBuildPhase;
			buildActionMask = 2147483647;
			files = (
				4B19CDB41E9E074A00589042 /* ExtensionDelegate.swift in Sources */,
				4B19CDB21E9E074A00589042 /* InterfaceController.swift in Sources */,
				4B19CDC61E9E0DD900589042 /* ConfirmationInterfaceController.swift in Sources */,
				4B19CDB61E9E074A00589042 /* ComplicationController.swift in Sources */,
			);
			runOnlyForDeploymentPostprocessing = 0;
		};
		4B26AEBB1E84CEA100561821 /* Sources */ = {
			isa = PBXSourcesBuildPhase;
			buildActionMask = 2147483647;
			files = (
				4B26AEC21E84CEA200561821 /* SnippetsTests.swift in Sources */,
			);
			runOnlyForDeploymentPostprocessing = 0;
		};
		4B7333711E816B1700D7D941 /* Sources */ = {
			isa = PBXSourcesBuildPhase;
			buildActionMask = 2147483647;
			files = (
				4B73337B1E816B1700D7D941 /* ViewController.swift in Sources */,
				4BDDE1E41E8170EC0080CD67 /* SnippetType.swift in Sources */,
				4B26AEB81E849BBD00561821 /* TextSnippetCell.swift in Sources */,
				4BA38FB81E82A4330092DDB5 /* TextSnippetEntryViewController.swift in Sources */,
				4B17FF1B1E816C2200C9E666 /* SnippetData.swift in Sources */,
				4B13A7201E99CDFE0025A120 /* SnippetData.xcdatamodeld in Sources */,
				4B7333791E816B1700D7D941 /* AppDelegate.swift in Sources */,
				4B26AEBA1E849C1600561821 /* PhotoSnippetCell.swift in Sources */,
			);
			runOnlyForDeploymentPostprocessing = 0;
		};
/* End PBXSourcesBuildPhase section */

/* Begin PBXTargetDependency section */
		4B19CDAF1E9E074A00589042 /* PBXTargetDependency */ = {
			isa = PBXTargetDependency;
			target = 4B19CDAB1E9E074A00589042 /* Snippet Watch Extension */;
			targetProxy = 4B19CDAE1E9E074A00589042 /* PBXContainerItemProxy */;
		};
		4B19CDBB1E9E074A00589042 /* PBXTargetDependency */ = {
			isa = PBXTargetDependency;
			target = 4B19CD9F1E9E074A00589042 /* Snippet Watch */;
			targetProxy = 4B19CDBA1E9E074A00589042 /* PBXContainerItemProxy */;
		};
		4B26AEC51E84CEA200561821 /* PBXTargetDependency */ = {
			isa = PBXTargetDependency;
			target = 4B7333741E816B1700D7D941 /* Snippets */;
			targetProxy = 4B26AEC41E84CEA200561821 /* PBXContainerItemProxy */;
		};
/* End PBXTargetDependency section */

/* Begin PBXVariantGroup section */
		4B19CDA21E9E074A00589042 /* Interface.storyboard */ = {
			isa = PBXVariantGroup;
			children = (
				4B19CDA31E9E074A00589042 /* Base */,
			);
			name = Interface.storyboard;
			sourceTree = "<group>";
		};
		4B73337C1E816B1700D7D941 /* Main.storyboard */ = {
			isa = PBXVariantGroup;
			children = (
				4B73337D1E816B1700D7D941 /* Base */,
			);
			name = Main.storyboard;
			sourceTree = "<group>";
		};
		4B7333811E816B1700D7D941 /* LaunchScreen.storyboard */ = {
			isa = PBXVariantGroup;
			children = (
				4B7333821E816B1700D7D941 /* Base */,
			);
			name = LaunchScreen.storyboard;
			sourceTree = "<group>";
		};
/* End PBXVariantGroup section */

/* Begin XCBuildConfiguration section */
		4B19CDBD1E9E074A00589042 /* Debug */ = {
			isa = XCBuildConfiguration;
			buildSettings = {
				ALWAYS_EMBED_SWIFT_STANDARD_LIBRARIES = YES;
				ASSETCATALOG_COMPILER_APPICON_NAME = AppIcon;
				CLANG_ANALYZER_NUMBER_OBJECT_CONVERSION = YES_AGGRESSIVE;
				DEVELOPMENT_TEAM = 72Q6E7W24X;
				IBSC_MODULE = Snippet_Watch_Extension;
				INFOPLIST_FILE = "Snippet Watch/Info.plist";
				PRODUCT_BUNDLE_IDENTIFIER = com.xiaoooyu.Snippets.watchkitapp;
				PRODUCT_NAME = "$(TARGET_NAME)";
				SDKROOT = watchos;
				SKIP_INSTALL = YES;
				SWIFT_VERSION = 3.0;
				TARGETED_DEVICE_FAMILY = 4;
				WATCHOS_DEPLOYMENT_TARGET = 3.2;
			};
			name = Debug;
		};
		4B19CDBE1E9E074A00589042 /* Release */ = {
			isa = XCBuildConfiguration;
			buildSettings = {
				ALWAYS_EMBED_SWIFT_STANDARD_LIBRARIES = YES;
				ASSETCATALOG_COMPILER_APPICON_NAME = AppIcon;
				CLANG_ANALYZER_NUMBER_OBJECT_CONVERSION = YES_AGGRESSIVE;
				DEVELOPMENT_TEAM = 72Q6E7W24X;
				IBSC_MODULE = Snippet_Watch_Extension;
				INFOPLIST_FILE = "Snippet Watch/Info.plist";
				PRODUCT_BUNDLE_IDENTIFIER = com.xiaoooyu.Snippets.watchkitapp;
				PRODUCT_NAME = "$(TARGET_NAME)";
				SDKROOT = watchos;
				SKIP_INSTALL = YES;
				SWIFT_VERSION = 3.0;
				TARGETED_DEVICE_FAMILY = 4;
				WATCHOS_DEPLOYMENT_TARGET = 3.2;
			};
			name = Release;
		};
		4B19CDBF1E9E074A00589042 /* Debug */ = {
			isa = XCBuildConfiguration;
			buildSettings = {
				ASSETCATALOG_COMPILER_COMPLICATION_NAME = Complication;
				CLANG_ANALYZER_NUMBER_OBJECT_CONVERSION = YES_AGGRESSIVE;
				DEVELOPMENT_TEAM = 72Q6E7W24X;
				INFOPLIST_FILE = "Snippet Watch Extension/Info.plist";
				LD_RUNPATH_SEARCH_PATHS = "$(inherited) @executable_path/Frameworks @executable_path/../../Frameworks";
				PRODUCT_BUNDLE_IDENTIFIER = com.xiaoooyu.Snippets.watchkitapp.watchkitextension;
				PRODUCT_NAME = "${TARGET_NAME}";
				SDKROOT = watchos;
				SKIP_INSTALL = YES;
				SWIFT_VERSION = 3.0;
				TARGETED_DEVICE_FAMILY = 4;
				WATCHOS_DEPLOYMENT_TARGET = 3.2;
			};
			name = Debug;
		};
		4B19CDC01E9E074A00589042 /* Release */ = {
			isa = XCBuildConfiguration;
			buildSettings = {
				ASSETCATALOG_COMPILER_COMPLICATION_NAME = Complication;
				CLANG_ANALYZER_NUMBER_OBJECT_CONVERSION = YES_AGGRESSIVE;
				DEVELOPMENT_TEAM = 72Q6E7W24X;
				INFOPLIST_FILE = "Snippet Watch Extension/Info.plist";
				LD_RUNPATH_SEARCH_PATHS = "$(inherited) @executable_path/Frameworks @executable_path/../../Frameworks";
				PRODUCT_BUNDLE_IDENTIFIER = com.xiaoooyu.Snippets.watchkitapp.watchkitextension;
				PRODUCT_NAME = "${TARGET_NAME}";
				SDKROOT = watchos;
				SKIP_INSTALL = YES;
				SWIFT_VERSION = 3.0;
				TARGETED_DEVICE_FAMILY = 4;
				WATCHOS_DEPLOYMENT_TARGET = 3.2;
			};
			name = Release;
		};
		4B26AEC71E84CEA200561821 /* Debug */ = {
			isa = XCBuildConfiguration;
			buildSettings = {
				BUNDLE_LOADER = "$(TEST_HOST)";
				DEVELOPMENT_TEAM = 72Q6E7W24X;
				INFOPLIST_FILE = SnippetsTests/Info.plist;
				LD_RUNPATH_SEARCH_PATHS = "$(inherited) @executable_path/Frameworks @loader_path/Frameworks";
				PRODUCT_BUNDLE_IDENTIFIER = com.xiaoooyu.SnippetsTests;
				PRODUCT_NAME = "$(TARGET_NAME)";
				SWIFT_VERSION = 3.0;
				TEST_HOST = "$(BUILT_PRODUCTS_DIR)/Snippets.app/Snippets";
			};
			name = Debug;
		};
		4B26AEC81E84CEA200561821 /* Release */ = {
			isa = XCBuildConfiguration;
			buildSettings = {
				BUNDLE_LOADER = "$(TEST_HOST)";
				DEVELOPMENT_TEAM = 72Q6E7W24X;
				INFOPLIST_FILE = SnippetsTests/Info.plist;
				LD_RUNPATH_SEARCH_PATHS = "$(inherited) @executable_path/Frameworks @loader_path/Frameworks";
				PRODUCT_BUNDLE_IDENTIFIER = com.xiaoooyu.SnippetsTests;
				PRODUCT_NAME = "$(TARGET_NAME)";
				SWIFT_VERSION = 3.0;
				TEST_HOST = "$(BUILT_PRODUCTS_DIR)/Snippets.app/Snippets";
			};
			name = Release;
		};
		4B7333851E816B1700D7D941 /* Debug */ = {
			isa = XCBuildConfiguration;
			buildSettings = {
				ALWAYS_SEARCH_USER_PATHS = NO;
				CLANG_ANALYZER_NONNULL = YES;
				CLANG_CXX_LANGUAGE_STANDARD = "gnu++0x";
				CLANG_CXX_LIBRARY = "libc++";
				CLANG_ENABLE_MODULES = YES;
				CLANG_ENABLE_OBJC_ARC = YES;
				CLANG_WARN_BOOL_CONVERSION = YES;
				CLANG_WARN_CONSTANT_CONVERSION = YES;
				CLANG_WARN_DIRECT_OBJC_ISA_USAGE = YES_ERROR;
				CLANG_WARN_DOCUMENTATION_COMMENTS = YES;
				CLANG_WARN_EMPTY_BODY = YES;
				CLANG_WARN_ENUM_CONVERSION = YES;
				CLANG_WARN_INFINITE_RECURSION = YES;
				CLANG_WARN_INT_CONVERSION = YES;
				CLANG_WARN_OBJC_ROOT_CLASS = YES_ERROR;
				CLANG_WARN_SUSPICIOUS_MOVE = YES;
				CLANG_WARN_UNREACHABLE_CODE = YES;
				CLANG_WARN__DUPLICATE_METHOD_MATCH = YES;
				"CODE_SIGN_IDENTITY[sdk=iphoneos*]" = "iPhone Developer";
				COPY_PHASE_STRIP = NO;
				DEBUG_INFORMATION_FORMAT = dwarf;
				ENABLE_STRICT_OBJC_MSGSEND = YES;
				ENABLE_TESTABILITY = YES;
				GCC_C_LANGUAGE_STANDARD = gnu99;
				GCC_DYNAMIC_NO_PIC = NO;
				GCC_NO_COMMON_BLOCKS = YES;
				GCC_OPTIMIZATION_LEVEL = 0;
				GCC_PREPROCESSOR_DEFINITIONS = (
					"DEBUG=1",
					"$(inherited)",
				);
				GCC_WARN_64_TO_32_BIT_CONVERSION = YES;
				GCC_WARN_ABOUT_RETURN_TYPE = YES_ERROR;
				GCC_WARN_UNDECLARED_SELECTOR = YES;
				GCC_WARN_UNINITIALIZED_AUTOS = YES_AGGRESSIVE;
				GCC_WARN_UNUSED_FUNCTION = YES;
				GCC_WARN_UNUSED_VARIABLE = YES;
				IPHONEOS_DEPLOYMENT_TARGET = 10.2;
				MTL_ENABLE_DEBUG_INFO = YES;
				ONLY_ACTIVE_ARCH = YES;
				SDKROOT = iphoneos;
				SWIFT_ACTIVE_COMPILATION_CONDITIONS = DEBUG;
				SWIFT_OPTIMIZATION_LEVEL = "-Onone";
				TARGETED_DEVICE_FAMILY = "1,2";
			};
			name = Debug;
		};
		4B7333861E816B1700D7D941 /* Release */ = {
			isa = XCBuildConfiguration;
			buildSettings = {
				ALWAYS_SEARCH_USER_PATHS = NO;
				CLANG_ANALYZER_NONNULL = YES;
				CLANG_CXX_LANGUAGE_STANDARD = "gnu++0x";
				CLANG_CXX_LIBRARY = "libc++";
				CLANG_ENABLE_MODULES = YES;
				CLANG_ENABLE_OBJC_ARC = YES;
				CLANG_WARN_BOOL_CONVERSION = YES;
				CLANG_WARN_CONSTANT_CONVERSION = YES;
				CLANG_WARN_DIRECT_OBJC_ISA_USAGE = YES_ERROR;
				CLANG_WARN_DOCUMENTATION_COMMENTS = YES;
				CLANG_WARN_EMPTY_BODY = YES;
				CLANG_WARN_ENUM_CONVERSION = YES;
				CLANG_WARN_INFINITE_RECURSION = YES;
				CLANG_WARN_INT_CONVERSION = YES;
				CLANG_WARN_OBJC_ROOT_CLASS = YES_ERROR;
				CLANG_WARN_SUSPICIOUS_MOVE = YES;
				CLANG_WARN_UNREACHABLE_CODE = YES;
				CLANG_WARN__DUPLICATE_METHOD_MATCH = YES;
				"CODE_SIGN_IDENTITY[sdk=iphoneos*]" = "iPhone Developer";
				COPY_PHASE_STRIP = NO;
				DEBUG_INFORMATION_FORMAT = "dwarf-with-dsym";
				ENABLE_NS_ASSERTIONS = NO;
				ENABLE_STRICT_OBJC_MSGSEND = YES;
				GCC_C_LANGUAGE_STANDARD = gnu99;
				GCC_NO_COMMON_BLOCKS = YES;
				GCC_WARN_64_TO_32_BIT_CONVERSION = YES;
				GCC_WARN_ABOUT_RETURN_TYPE = YES_ERROR;
				GCC_WARN_UNDECLARED_SELECTOR = YES;
				GCC_WARN_UNINITIALIZED_AUTOS = YES_AGGRESSIVE;
				GCC_WARN_UNUSED_FUNCTION = YES;
				GCC_WARN_UNUSED_VARIABLE = YES;
				IPHONEOS_DEPLOYMENT_TARGET = 10.2;
				MTL_ENABLE_DEBUG_INFO = NO;
				SDKROOT = iphoneos;
				SWIFT_OPTIMIZATION_LEVEL = "-Owholemodule";
				TARGETED_DEVICE_FAMILY = "1,2";
				VALIDATE_PRODUCT = YES;
			};
			name = Release;
		};
		4B7333881E816B1700D7D941 /* Debug */ = {
			isa = XCBuildConfiguration;
			buildSettings = {
				ASSETCATALOG_COMPILER_APPICON_NAME = AppIcon;
				DEVELOPMENT_TEAM = 72Q6E7W24X;
				INFOPLIST_FILE = Snippets/Info.plist;
				LD_RUNPATH_SEARCH_PATHS = "$(inherited) @executable_path/Frameworks";
				PRODUCT_BUNDLE_IDENTIFIER = com.xiaoooyu.Snippets;
				PRODUCT_NAME = "$(TARGET_NAME)";
				SWIFT_VERSION = 3.0;
			};
			name = Debug;
		};
		4B7333891E816B1700D7D941 /* Release */ = {
			isa = XCBuildConfiguration;
			buildSettings = {
				ASSETCATALOG_COMPILER_APPICON_NAME = AppIcon;
				DEVELOPMENT_TEAM = 72Q6E7W24X;
				INFOPLIST_FILE = Snippets/Info.plist;
				LD_RUNPATH_SEARCH_PATHS = "$(inherited) @executable_path/Frameworks";
				PRODUCT_BUNDLE_IDENTIFIER = com.xiaoooyu.Snippets;
				PRODUCT_NAME = "$(TARGET_NAME)";
				SWIFT_VERSION = 3.0;
			};
			name = Release;
		};
/* End XCBuildConfiguration section */

/* Begin XCConfigurationList section */
		4B19CDC11E9E074A00589042 /* Build configuration list for PBXNativeTarget "Snippet Watch Extension" */ = {
			isa = XCConfigurationList;
			buildConfigurations = (
				4B19CDBF1E9E074A00589042 /* Debug */,
				4B19CDC01E9E074A00589042 /* Release */,
			);
			defaultConfigurationIsVisible = 0;
		};
		4B19CDC31E9E074A00589042 /* Build configuration list for PBXNativeTarget "Snippet Watch" */ = {
			isa = XCConfigurationList;
			buildConfigurations = (
				4B19CDBD1E9E074A00589042 /* Debug */,
				4B19CDBE1E9E074A00589042 /* Release */,
			);
			defaultConfigurationIsVisible = 0;
		};
		4B26AEC61E84CEA200561821 /* Build configuration list for PBXNativeTarget "SnippetsTests" */ = {
			isa = XCConfigurationList;
			buildConfigurations = (
				4B26AEC71E84CEA200561821 /* Debug */,
				4B26AEC81E84CEA200561821 /* Release */,
			);
			defaultConfigurationIsVisible = 0;
			defaultConfigurationName = Release;
		};
		4B7333701E816B1700D7D941 /* Build configuration list for PBXProject "Snippets" */ = {
			isa = XCConfigurationList;
			buildConfigurations = (
				4B7333851E816B1700D7D941 /* Debug */,
				4B7333861E816B1700D7D941 /* Release */,
			);
			defaultConfigurationIsVisible = 0;
			defaultConfigurationName = Release;
		};
		4B7333871E816B1700D7D941 /* Build configuration list for PBXNativeTarget "Snippets" */ = {
			isa = XCConfigurationList;
			buildConfigurations = (
				4B7333881E816B1700D7D941 /* Debug */,
				4B7333891E816B1700D7D941 /* Release */,
			);
			defaultConfigurationIsVisible = 0;
			defaultConfigurationName = Release;
		};
/* End XCConfigurationList section */

/* Begin XCVersionGroup section */
		4B13A71E1E99CDFE0025A120 /* SnippetData.xcdatamodeld */ = {
			isa = XCVersionGroup;
			children = (
				4B13A71F1E99CDFE0025A120 /* SnippetData.xcdatamodel */,
			);
			currentVersion = 4B13A71F1E99CDFE0025A120 /* SnippetData.xcdatamodel */;
			path = SnippetData.xcdatamodeld;
			sourceTree = "<group>";
			versionGroupType = wrapper.xcdatamodel;
		};
/* End XCVersionGroup section */
	};
	rootObject = 4B73336D1E816B1700D7D941 /* Project object */;
}
